// !$*UTF8*$!
{
	archiveVersion = 1;
	classes = {
	};
	objectVersion = 56;
	objects = {

/* Begin PBXBuildFile section */
		8603076829434E69007AD12F /* DinamikListeApp.swift in Sources */ = {isa = PBXBuildFile; fileRef = 8603076729434E69007AD12F /* DinamikListeApp.swift */; };
		8603076A29434E69007AD12F /* ContentView.swift in Sources */ = {isa = PBXBuildFile; fileRef = 8603076929434E69007AD12F /* ContentView.swift */; };
		8603076C29434E6B007AD12F /* Assets.xcassets in Resources */ = {isa = PBXBuildFile; fileRef = 8603076B29434E6B007AD12F /* Assets.xcassets */; };
		8603076F29434E6B007AD12F /* Preview Assets.xcassets in Resources */ = {isa = PBXBuildFile; fileRef = 8603076E29434E6B007AD12F /* Preview Assets.xcassets */; };
		8603077929434E6B007AD12F /* DinamikListeTests.swift in Sources */ = {isa = PBXBuildFile; fileRef = 8603077829434E6B007AD12F /* DinamikListeTests.swift */; };
		8603078329434E6B007AD12F /* DinamikListeUITests.swift in Sources */ = {isa = PBXBuildFile; fileRef = 8603078229434E6B007AD12F /* DinamikListeUITests.swift */; };
		8603078529434E6B007AD12F /* DinamikListeUITestsLaunchTests.swift in Sources */ = {isa = PBXBuildFile; fileRef = 8603078429434E6B007AD12F /* DinamikListeUITestsLaunchTests.swift */; };
/* End PBXBuildFile section */

/* Begin PBXContainerItemProxy section */
		8603077529434E6B007AD12F /* PBXContainerItemProxy */ = {
			isa = PBXContainerItemProxy;
			containerPortal = 8603075C29434E69007AD12F /* Project object */;
			proxyType = 1;
			remoteGlobalIDString = 8603076329434E69007AD12F;
			remoteInfo = DinamikListe;
		};
		8603077F29434E6B007AD12F /* PBXContainerItemProxy */ = {
			isa = PBXContainerItemProxy;
			containerPortal = 8603075C29434E69007AD12F /* Project object */;
			proxyType = 1;
			remoteGlobalIDString = 8603076329434E69007AD12F;
			remoteInfo = DinamikListe;
		};
/* End PBXContainerItemProxy section */

/* Begin PBXFileReference section */
		8603076429434E69007AD12F /* DinamikListe.app */ = {isa = PBXFileReference; explicitFileType = wrapper.application; includeInIndex = 0; path = DinamikListe.app; sourceTree = BUILT_PRODUCTS_DIR; };
		8603076729434E69007AD12F /* DinamikListeApp.swift */ = {isa = PBXFileReference; lastKnownFileType = sourcecode.swift; path = DinamikListeApp.swift; sourceTree = "<group>"; };
		8603076929434E69007AD12F /* ContentView.swift */ = {isa = PBXFileReference; lastKnownFileType = sourcecode.swift; path = ContentView.swift; sourceTree = "<group>"; };
		8603076B29434E6B007AD12F /* Assets.xcassets */ = {isa = PBXFileReference; lastKnownFileType = folder.assetcatalog; path = Assets.xcassets; sourceTree = "<group>"; };
		8603076E29434E6B007AD12F /* Preview Assets.xcassets */ = {isa = PBXFileReference; lastKnownFileType = folder.assetcatalog; path = "Preview Assets.xcassets"; sourceTree = "<group>"; };
		8603077429434E6B007AD12F /* DinamikListeTests.xctest */ = {isa = PBXFileReference; explicitFileType = wrapper.cfbundle; includeInIndex = 0; path = DinamikListeTests.xctest; sourceTree = BUILT_PRODUCTS_DIR; };
		8603077829434E6B007AD12F /* DinamikListeTests.swift */ = {isa = PBXFileReference; lastKnownFileType = sourcecode.swift; path = DinamikListeTests.swift; sourceTree = "<group>"; };
		8603077E29434E6B007AD12F /* DinamikListeUITests.xctest */ = {isa = PBXFileReference; explicitFileType = wrapper.cfbundle; includeInIndex = 0; path = DinamikListeUITests.xctest; sourceTree = BUILT_PRODUCTS_DIR; };
		8603078229434E6B007AD12F /* DinamikListeUITests.swift */ = {isa = PBXFileReference; lastKnownFileType = sourcecode.swift; path = DinamikListeUITests.swift; sourceTree = "<group>"; };
		8603078429434E6B007AD12F /* DinamikListeUITestsLaunchTests.swift */ = {isa = PBXFileReference; lastKnownFileType = sourcecode.swift; path = DinamikListeUITestsLaunchTests.swift; sourceTree = "<group>"; };
/* End PBXFileReference section */

/* Begin PBXFrameworksBuildPhase section */
		8603076129434E69007AD12F /* Frameworks */ = {
			isa = PBXFrameworksBuildPhase;
			buildActionMask = 2147483647;
			files = (
			);
			runOnlyForDeploymentPostprocessing = 0;
		};
		8603077129434E6B007AD12F /* Frameworks */ = {
			isa = PBXFrameworksBuildPhase;
			buildActionMask = 2147483647;
			files = (
			);
			runOnlyForDeploymentPostprocessing = 0;
		};
		8603077B29434E6B007AD12F /* Frameworks */ = {
			isa = PBXFrameworksBuildPhase;
			buildActionMask = 2147483647;
			files = (
			);
			runOnlyForDeploymentPostprocessing = 0;
		};
/* End PBXFrameworksBuildPhase section */

/* Begin PBXGroup section */
		8603075B29434E69007AD12F = {
			isa = PBXGroup;
			children = (
				8603076629434E69007AD12F /* DinamikListe */,
				8603077729434E6B007AD12F /* DinamikListeTests */,
				8603078129434E6B007AD12F /* DinamikListeUITests */,
				8603076529434E69007AD12F /* Products */,
			);
			sourceTree = "<group>";
		};
		8603076529434E69007AD12F /* Products */ = {
			isa = PBXGroup;
			children = (
				8603076429434E69007AD12F /* DinamikListe.app */,
				8603077429434E6B007AD12F /* DinamikListeTests.xctest */,
				8603077E29434E6B007AD12F /* DinamikListeUITests.xctest */,
			);
			name = Products;
			sourceTree = "<group>";
		};
		8603076629434E69007AD12F /* DinamikListe */ = {
			isa = PBXGroup;
			children = (
				8603076729434E69007AD12F /* DinamikListeApp.swift */,
				8603076929434E69007AD12F /* ContentView.swift */,
				8603076B29434E6B007AD12F /* Assets.xcassets */,
				8603076D29434E6B007AD12F /* Preview Content */,
			);
			path = DinamikListe;
			sourceTree = "<group>";
		};
		8603076D29434E6B007AD12F /* Preview Content */ = {
			isa = PBXGroup;
			children = (
				8603076E29434E6B007AD12F /* Preview Assets.xcassets */,
			);
			path = "Preview Content";
			sourceTree = "<group>";
		};
		8603077729434E6B007AD12F /* DinamikListeTests */ = {
			isa = PBXGroup;
			children = (
				8603077829434E6B007AD12F /* DinamikListeTests.swift */,
			);
			path = DinamikListeTests;
			sourceTree = "<group>";
		};
		8603078129434E6B007AD12F /* DinamikListeUITests */ = {
			isa = PBXGroup;
			children = (
				8603078229434E6B007AD12F /* DinamikListeUITests.swift */,
				8603078429434E6B007AD12F /* DinamikListeUITestsLaunchTests.swift */,
			);
			path = DinamikListeUITests;
			sourceTree = "<group>";
		};
/* End PBXGroup section */

/* Begin PBXNativeTarget section */
		8603076329434E69007AD12F /* DinamikListe */ = {
			isa = PBXNativeTarget;
			buildConfigurationList = 8603078829434E6B007AD12F /* Build configuration list for PBXNativeTarget "DinamikListe" */;
			buildPhases = (
				8603076029434E69007AD12F /* Sources */,
				8603076129434E69007AD12F /* Frameworks */,
				8603076229434E69007AD12F /* Resources */,
			);
			buildRules = (
			);
			dependencies = (
			);
			name = DinamikListe;
			productName = DinamikListe;
			productReference = 8603076429434E69007AD12F /* DinamikListe.app */;
			productType = "com.apple.product-type.application";
		};
		8603077329434E6B007AD12F /* DinamikListeTests */ = {
			isa = PBXNativeTarget;
			buildConfigurationList = 8603078B29434E6B007AD12F /* Build configuration list for PBXNativeTarget "DinamikListeTests" */;
			buildPhases = (
				8603077029434E6B007AD12F /* Sources */,
				8603077129434E6B007AD12F /* Frameworks */,
				8603077229434E6B007AD12F /* Resources */,
			);
			buildRules = (
			);
			dependencies = (
				8603077629434E6B007AD12F /* PBXTargetDependency */,
			);
			name = DinamikListeTests;
			productName = DinamikListeTests;
			productReference = 8603077429434E6B007AD12F /* DinamikListeTests.xctest */;
			productType = "com.apple.product-type.bundle.unit-test";
		};
		8603077D29434E6B007AD12F /* DinamikListeUITests */ = {
			isa = PBXNativeTarget;
			buildConfigurationList = 8603078E29434E6B007AD12F /* Build configuration list for PBXNativeTarget "DinamikListeUITests" */;
			buildPhases = (
				8603077A29434E6B007AD12F /* Sources */,
				8603077B29434E6B007AD12F /* Frameworks */,
				8603077C29434E6B007AD12F /* Resources */,
			);
			buildRules = (
			);
			dependencies = (
				8603078029434E6B007AD12F /* PBXTargetDependency */,
			);
			name = DinamikListeUITests;
			productName = DinamikListeUITests;
			productReference = 8603077E29434E6B007AD12F /* DinamikListeUITests.xctest */;
			productType = "com.apple.product-type.bundle.ui-testing";
		};
/* End PBXNativeTarget section */

/* Begin PBXProject section */
		8603075C29434E69007AD12F /* Project object */ = {
			isa = PBXProject;
			attributes = {
				BuildIndependentTargetsInParallel = 1;
				LastSwiftUpdateCheck = 1400;
				LastUpgradeCheck = 1400;
				TargetAttributes = {
					8603076329434E69007AD12F = {
						CreatedOnToolsVersion = 14.0.1;
					};
					8603077329434E6B007AD12F = {
						CreatedOnToolsVersion = 14.0.1;
						TestTargetID = 8603076329434E69007AD12F;
					};
					8603077D29434E6B007AD12F = {
						CreatedOnToolsVersion = 14.0.1;
						TestTargetID = 8603076329434E69007AD12F;
					};
				};
			};
			buildConfigurationList = 8603075F29434E69007AD12F /* Build configuration list for PBXProject "DinamikListe" */;
			compatibilityVersion = "Xcode 14.0";
			developmentRegion = en;
			hasScannedForEncodings = 0;
			knownRegions = (
				en,
				Base,
			);
			mainGroup = 8603075B29434E69007AD12F;
			productRefGroup = 8603076529434E69007AD12F /* Products */;
			projectDirPath = "";
			projectRoot = "";
			targets = (
				8603076329434E69007AD12F /* DinamikListe */,
				8603077329434E6B007AD12F /* DinamikListeTests */,
				8603077D29434E6B007AD12F /* DinamikListeUITests */,
			);
		};
/* End PBXProject section */

/* Begin PBXResourcesBuildPhase section */
		8603076229434E69007AD12F /* Resources */ = {
			isa = PBXResourcesBuildPhase;
			buildActionMask = 2147483647;
			files = (
				8603076F29434E6B007AD12F /* Preview Assets.xcassets in Resources */,
				8603076C29434E6B007AD12F /* Assets.xcassets in Resources */,
			);
			runOnlyForDeploymentPostprocessing = 0;
		};
		8603077229434E6B007AD12F /* Resources */ = {
			isa = PBXResourcesBuildPhase;
			buildActionMask = 2147483647;
			files = (
			);
			runOnlyForDeploymentPostprocessing = 0;
		};
		8603077C29434E6B007AD12F /* Resources */ = {
			isa = PBXResourcesBuildPhase;
			buildActionMask = 2147483647;
			files = (
			);
			runOnlyForDeploymentPostprocessing = 0;
		};
/* End PBXResourcesBuildPhase section */

/* Begin PBXSourcesBuildPhase section */
		8603076029434E69007AD12F /* Sources */ = {
			isa = PBXSourcesBuildPhase;
			buildActionMask = 2147483647;
			files = (
				8603076A29434E69007AD12F /* ContentView.swift in Sources */,
				8603076829434E69007AD12F /* DinamikListeApp.swift in Sources */,
			);
			runOnlyForDeploymentPostprocessing = 0;
		};
		8603077029434E6B007AD12F /* Sources */ = {
			isa = PBXSourcesBuildPhase;
			buildActionMask = 2147483647;
			files = (
				8603077929434E6B007AD12F /* DinamikListeTests.swift in Sources */,
			);
			runOnlyForDeploymentPostprocessing = 0;
		};
		8603077A29434E6B007AD12F /* Sources */ = {
			isa = PBXSourcesBuildPhase;
			buildActionMask = 2147483647;
			files = (
				8603078529434E6B007AD12F /* DinamikListeUITestsLaunchTests.swift in Sources */,
				8603078329434E6B007AD12F /* DinamikListeUITests.swift in Sources */,
			);
			runOnlyForDeploymentPostprocessing = 0;
		};
/* End PBXSourcesBuildPhase section */

/* Begin PBXTargetDependency section */
		8603077629434E6B007AD12F /* PBXTargetDependency */ = {
			isa = PBXTargetDependency;
			target = 8603076329434E69007AD12F /* DinamikListe */;
			targetProxy = 8603077529434E6B007AD12F /* PBXContainerItemProxy */;
		};
		8603078029434E6B007AD12F /* PBXTargetDependency */ = {
			isa = PBXTargetDependency;
			target = 8603076329434E69007AD12F /* DinamikListe */;
			targetProxy = 8603077F29434E6B007AD12F /* PBXContainerItemProxy */;
		};
/* End PBXTargetDependency section */

/* Begin XCBuildConfiguration section */
		8603078629434E6B007AD12F /* Debug */ = {
			isa = XCBuildConfiguration;
			buildSettings = {
				ALWAYS_SEARCH_USER_PATHS = NO;
				CLANG_ANALYZER_NONNULL = YES;
				CLANG_ANALYZER_NUMBER_OBJECT_CONVERSION = YES_AGGRESSIVE;
				CLANG_CXX_LANGUAGE_STANDARD = "gnu++20";
				CLANG_ENABLE_MODULES = YES;
				CLANG_ENABLE_OBJC_ARC = YES;
				CLANG_ENABLE_OBJC_WEAK = YES;
				CLANG_WARN_BLOCK_CAPTURE_AUTORELEASING = YES;
				CLANG_WARN_BOOL_CONVERSION = YES;
				CLANG_WARN_COMMA = YES;
				CLANG_WARN_CONSTANT_CONVERSION = YES;
				CLANG_WARN_DEPRECATED_OBJC_IMPLEMENTATIONS = YES;
				CLANG_WARN_DIRECT_OBJC_ISA_USAGE = YES_ERROR;
				CLANG_WARN_DOCUMENTATION_COMMENTS = YES;
				CLANG_WARN_EMPTY_BODY = YES;
				CLANG_WARN_ENUM_CONVERSION = YES;
				CLANG_WARN_INFINITE_RECURSION = YES;
				CLANG_WARN_INT_CONVERSION = YES;
				CLANG_WARN_NON_LITERAL_NULL_CONVERSION = YES;
				CLANG_WARN_OBJC_IMPLICIT_RETAIN_SELF = YES;
				CLANG_WARN_OBJC_LITERAL_CONVERSION = YES;
				CLANG_WARN_OBJC_ROOT_CLASS = YES_ERROR;
				CLANG_WARN_QUOTED_INCLUDE_IN_FRAMEWORK_HEADER = YES;
				CLANG_WARN_RANGE_LOOP_ANALYSIS = YES;
				CLANG_WARN_STRICT_PROTOTYPES = YES;
				CLANG_WARN_SUSPICIOUS_MOVE = YES;
				CLANG_WARN_UNGUARDED_AVAILABILITY = YES_AGGRESSIVE;
				CLANG_WARN_UNREACHABLE_CODE = YES;
				CLANG_WARN__DUPLICATE_METHOD_MATCH = YES;
				COPY_PHASE_STRIP = NO;
				DEBUG_INFORMATION_FORMAT = dwarf;
				ENABLE_STRICT_OBJC_MSGSEND = YES;
				ENABLE_TESTABILITY = YES;
				GCC_C_LANGUAGE_STANDARD = gnu11;
				GCC_DYNAMIC_NO_PIC = NO;
				GCC_NO_COMMON_BLOCKS = YES;
				GCC_OPTIMIZATION_LEVEL = 0;
				GCC_PREPROCESSOR_DEFINITIONS = (
					"DEBUG=1",
					"$(inherited)",
				);
				GCC_WARN_64_TO_32_BIT_CONVERSION = YES;
				GCC_WARN_ABOUT_RETURN_TYPE = YES_ERROR;
				GCC_WARN_UNDECLARED_SELECTOR = YES;
				GCC_WARN_UNINITIALIZED_AUTOS = YES_AGGRESSIVE;
				GCC_WARN_UNUSED_FUNCTION = YES;
				GCC_WARN_UNUSED_VARIABLE = YES;
				IPHONEOS_DEPLOYMENT_TARGET = 16.0;
				MTL_ENABLE_DEBUG_INFO = INCLUDE_SOURCE;
				MTL_FAST_MATH = YES;
				ONLY_ACTIVE_ARCH = YES;
				SDKROOT = iphoneos;
				SWIFT_ACTIVE_COMPILATION_CONDITIONS = DEBUG;
				SWIFT_OPTIMIZATION_LEVEL = "-Onone";
			};
			name = Debug;
		};
		8603078729434E6B007AD12F /* Release */ = {
			isa = XCBuildConfiguration;
			buildSettings = {
				ALWAYS_SEARCH_USER_PATHS = NO;
				CLANG_ANALYZER_NONNULL = YES;
				CLANG_ANALYZER_NUMBER_OBJECT_CONVERSION = YES_AGGRESSIVE;
				CLANG_CXX_LANGUAGE_STANDARD = "gnu++20";
				CLANG_ENABLE_MODULES = YES;
				CLANG_ENABLE_OBJC_ARC = YES;
				CLANG_ENABLE_OBJC_WEAK = YES;
				CLANG_WARN_BLOCK_CAPTURE_AUTORELEASING = YES;
				CLANG_WARN_BOOL_CONVERSION = YES;
				CLANG_WARN_COMMA = YES;
				CLANG_WARN_CONSTANT_CONVERSION = YES;
				CLANG_WARN_DEPRECATED_OBJC_IMPLEMENTATIONS = YES;
				CLANG_WARN_DIRECT_OBJC_ISA_USAGE = YES_ERROR;
				CLANG_WARN_DOCUMENTATION_COMMENTS = YES;
				CLANG_WARN_EMPTY_BODY = YES;
				CLANG_WARN_ENUM_CONVERSION = YES;
				CLANG_WARN_INFINITE_RECURSION = YES;
				CLANG_WARN_INT_CONVERSION = YES;
				CLANG_WARN_NON_LITERAL_NULL_CONVERSION = YES;
				CLANG_WARN_OBJC_IMPLICIT_RETAIN_SELF = YES;
				CLANG_WARN_OBJC_LITERAL_CONVERSION = YES;
				CLANG_WARN_OBJC_ROOT_CLASS = YES_ERROR;
				CLANG_WARN_QUOTED_INCLUDE_IN_FRAMEWORK_HEADER = YES;
				CLANG_WARN_RANGE_LOOP_ANALYSIS = YES;
				CLANG_WARN_STRICT_PROTOTYPES = YES;
				CLANG_WARN_SUSPICIOUS_MOVE = YES;
				CLANG_WARN_UNGUARDED_AVAILABILITY = YES_AGGRESSIVE;
				CLANG_WARN_UNREACHABLE_CODE = YES;
				CLANG_WARN__DUPLICATE_METHOD_MATCH = YES;
				COPY_PHASE_STRIP = NO;
				DEBUG_INFORMATION_FORMAT = "dwarf-with-dsym";
				ENABLE_NS_ASSERTIONS = NO;
				ENABLE_STRICT_OBJC_MSGSEND = YES;
				GCC_C_LANGUAGE_STANDARD = gnu11;
				GCC_NO_COMMON_BLOCKS = YES;
				GCC_WARN_64_TO_32_BIT_CONVERSION = YES;
				GCC_WARN_ABOUT_RETURN_TYPE = YES_ERROR;
				GCC_WARN_UNDECLARED_SELECTOR = YES;
				GCC_WARN_UNINITIALIZED_AUTOS = YES_AGGRESSIVE;
				GCC_WARN_UNUSED_FUNCTION = YES;
				GCC_WARN_UNUSED_VARIABLE = YES;
				IPHONEOS_DEPLOYMENT_TARGET = 16.0;
				MTL_ENABLE_DEBUG_INFO = NO;
				MTL_FAST_MATH = YES;
				SDKROOT = iphoneos;
				SWIFT_COMPILATION_MODE = wholemodule;
				SWIFT_OPTIMIZATION_LEVEL = "-O";
				VALIDATE_PRODUCT = YES;
			};
			name = Release;
		};
		8603078929434E6B007AD12F /* Debug */ = {
			isa = XCBuildConfiguration;
			buildSettings = {
				ASSETCATALOG_COMPILER_APPICON_NAME = AppIcon;
				ASSETCATALOG_COMPILER_GLOBAL_ACCENT_COLOR_NAME = AccentColor;
				CODE_SIGN_STYLE = Automatic;
				CURRENT_PROJECT_VERSION = 1;
				DEVELOPMENT_ASSET_PATHS = "\"DinamikListe/Preview Content\"";
				DEVELOPMENT_TEAM = DW4R8GHFA2;
				ENABLE_PREVIEWS = YES;
				GENERATE_INFOPLIST_FILE = YES;
				INFOPLIST_KEY_UIApplicationSceneManifest_Generation = YES;
				INFOPLIST_KEY_UIApplicationSupportsIndirectInputEvents = YES;
				INFOPLIST_KEY_UILaunchScreen_Generation = YES;
				INFOPLIST_KEY_UISupportedInterfaceOrientations_iPad = "UIInterfaceOrientationPortrait UIInterfaceOrientationPortraitUpsideDown UIInterfaceOrientationLandscapeLeft UIInterfaceOrientationLandscapeRight";
				INFOPLIST_KEY_UISupportedInterfaceOrientations_iPhone = "UIInterfaceOrientationPortrait UIInterfaceOrientationLandscapeLeft UIInterfaceOrientationLandscapeRight";
				LD_RUNPATH_SEARCH_PATHS = (
					"$(inherited)",
					"@executable_path/Frameworks",
				);
				MARKETING_VERSION = 1.0;
				PRODUCT_BUNDLE_IDENTIFIER = ilker.DinamikListe;
				PRODUCT_NAME = "$(TARGET_NAME)";
				SWIFT_EMIT_LOC_STRINGS = YES;
				SWIFT_VERSION = 5.0;
				TARGETED_DEVICE_FAMILY = "1,2";
			};
			name = Debug;
		};
		8603078A29434E6B007AD12F /* Release */ = {
			isa = XCBuildConfiguration;
			buildSettings = {
				ASSETCATALOG_COMPILER_APPICON_NAME = AppIcon;
				ASSETCATALOG_COMPILER_GLOBAL_ACCENT_COLOR_NAME = AccentColor;
				CODE_SIGN_STYLE = Automatic;
				CURRENT_PROJECT_VERSION = 1;
				DEVELOPMENT_ASSET_PATHS = "\"DinamikListe/Preview Content\"";
				DEVELOPMENT_TEAM = DW4R8GHFA2;
				ENABLE_PREVIEWS = YES;
				GENERATE_INFOPLIST_FILE = YES;
				INFOPLIST_KEY_UIApplicationSceneManifest_Generation = YES;
				INFOPLIST_KEY_UIApplicationSupportsIndirectInputEvents = YES;
				INFOPLIST_KEY_UILaunchScreen_Generation = YES;
				INFOPLIST_KEY_UISupportedInterfaceOrientations_iPad = "UIInterfaceOrientationPortrait UIInterfaceOrientationPortraitUpsideDown UIInterfaceOrientationLandscapeLeft UIInterfaceOrientationLandscapeRight";
				INFOPLIST_KEY_UISupportedInterfaceOrientations_iPhone = "UIInterfaceOrientationPortrait UIInterfaceOrientationLandscapeLeft UIInterfaceOrientationLandscapeRight";
				LD_RUNPATH_SEARCH_PATHS = (
					"$(inherited)",
					"@executable_path/Frameworks",
				);
				MARKETING_VERSION = 1.0;
				PRODUCT_BUNDLE_IDENTIFIER = ilker.DinamikListe;
				PRODUCT_NAME = "$(TARGET_NAME)";
				SWIFT_EMIT_LOC_STRINGS = YES;
				SWIFT_VERSION = 5.0;
				TARGETED_DEVICE_FAMILY = "1,2";
			};
			name = Release;
		};
		8603078C29434E6B007AD12F /* Debug */ = {
			isa = XCBuildConfiguration;
			buildSettings = {
				ALWAYS_EMBED_SWIFT_STANDARD_LIBRARIES = YES;
				BUNDLE_LOADER = "$(TEST_HOST)";
				CODE_SIGN_STYLE = Automatic;
				CURRENT_PROJECT_VERSION = 1;
				DEVELOPMENT_TEAM = DW4R8GHFA2;
				GENERATE_INFOPLIST_FILE = YES;
				IPHONEOS_DEPLOYMENT_TARGET = 16.0;
				MARKETING_VERSION = 1.0;
				PRODUCT_BUNDLE_IDENTIFIER = ilker.DinamikListeTests;
				PRODUCT_NAME = "$(TARGET_NAME)";
				SWIFT_EMIT_LOC_STRINGS = NO;
				SWIFT_VERSION = 5.0;
				TARGETED_DEVICE_FAMILY = "1,2";
				TEST_HOST = "$(BUILT_PRODUCTS_DIR)/DinamikListe.app/$(BUNDLE_EXECUTABLE_FOLDER_PATH)/DinamikListe";
			};
			name = Debug;
		};
		8603078D29434E6B007AD12F /* Release */ = {
			isa = XCBuildConfiguration;
			buildSettings = {
				ALWAYS_EMBED_SWIFT_STANDARD_LIBRARIES = YES;
				BUNDLE_LOADER = "$(TEST_HOST)";
				CODE_SIGN_STYLE = Automatic;
				CURRENT_PROJECT_VERSION = 1;
				DEVELOPMENT_TEAM = DW4R8GHFA2;
				GENERATE_INFOPLIST_FILE = YES;
				IPHONEOS_DEPLOYMENT_TARGET = 16.0;
				MARKETING_VERSION = 1.0;
				PRODUCT_BUNDLE_IDENTIFIER = ilker.DinamikListeTests;
				PRODUCT_NAME = "$(TARGET_NAME)";
				SWIFT_EMIT_LOC_STRINGS = NO;
				SWIFT_VERSION = 5.0;
				TARGETED_DEVICE_FAMILY = "1,2";
				TEST_HOST = "$(BUILT_PRODUCTS_DIR)/DinamikListe.app/$(BUNDLE_EXECUTABLE_FOLDER_PATH)/DinamikListe";
			};
			name = Release;
		};
		8603078F29434E6B007AD12F /* Debug */ = {
			isa = XCBuildConfiguration;
			buildSettings = {
				ALWAYS_EMBED_SWIFT_STANDARD_LIBRARIES = YES;
				CODE_SIGN_STYLE = Automatic;
				CURRENT_PROJECT_VERSION = 1;
				DEVELOPMENT_TEAM = DW4R8GHFA2;
				GENERATE_INFOPLIST_FILE = YES;
				MARKETING_VERSION = 1.0;
				PRODUCT_BUNDLE_IDENTIFIER = ilker.DinamikListeUITests;
				PRODUCT_NAME = "$(TARGET_NAME)";
				SWIFT_EMIT_LOC_STRINGS = NO;
				SWIFT_VERSION = 5.0;
				TARGETED_DEVICE_FAMILY = "1,2";
				TEST_TARGET_NAME = DinamikListe;
			};
			name = Debug;
		};
		8603079029434E6B007AD12F /* Release */ = {
			isa = XCBuildConfiguration;
			buildSettings = {
				ALWAYS_EMBED_SWIFT_STANDARD_LIBRARIES = YES;
				CODE_SIGN_STYLE = Automatic;
				CURRENT_PROJECT_VERSION = 1;
				DEVELOPMENT_TEAM = DW4R8GHFA2;
				GENERATE_INFOPLIST_FILE = YES;
				MARKETING_VERSION = 1.0;
				PRODUCT_BUNDLE_IDENTIFIER = ilker.DinamikListeUITests;
				PRODUCT_NAME = "$(TARGET_NAME)";
				SWIFT_EMIT_LOC_STRINGS = NO;
				SWIFT_VERSION = 5.0;
				TARGETED_DEVICE_FAMILY = "1,2";
				TEST_TARGET_NAME = DinamikListe;
			};
			name = Release;
		};
/* End XCBuildConfiguration section */

/* Begin XCConfigurationList section */
		8603075F29434E69007AD12F /* Build configuration list for PBXProject "DinamikListe" */ = {
			isa = XCConfigurationList;
			buildConfigurations = (
				8603078629434E6B007AD12F /* Debug */,
				8603078729434E6B007AD12F /* Release */,
			);
			defaultConfigurationIsVisible = 0;
			defaultConfigurationName = Release;
		};
		8603078829434E6B007AD12F /* Build configuration list for PBXNativeTarget "DinamikListe" */ = {
			isa = XCConfigurationList;
			buildConfigurations = (
				8603078929434E6B007AD12F /* Debug */,
				8603078A29434E6B007AD12F /* Release */,
			);
			defaultConfigurationIsVisible = 0;
			defaultConfigurationName = Release;
		};
		8603078B29434E6B007AD12F /* Build configuration list for PBXNativeTarget "DinamikListeTests" */ = {
			isa = XCConfigurationList;
			buildConfigurations = (
				8603078C29434E6B007AD12F /* Debug */,
				8603078D29434E6B007AD12F /* Release */,
			);
			defaultConfigurationIsVisible = 0;
			defaultConfigurationName = Release;
		};
		8603078E29434E6B007AD12F /* Build configuration list for PBXNativeTarget "DinamikListeUITests" */ = {
			isa = XCConfigurationList;
			buildConfigurations = (
				8603078F29434E6B007AD12F /* Debug */,
				8603079029434E6B007AD12F /* Release */,
			);
			defaultConfigurationIsVisible = 0;
			defaultConfigurationName = Release;
		};
/* End XCConfigurationList section */
	};
	rootObject = 8603075C29434E69007AD12F /* Project object */;
}
